
Microsoft Visual Studio Solution File, Format Version 12.00
# Visual Studio Version 16
VisualStudioVersion = 16.0.31729.503
MinimumVisualStudioVersion = 10.0.40219.1
Project("{FAE04EC0-301F-11D3-BF4B-00C04F79EFBC}") = "osu-client-switcher", "osu-client-switcher.csproj", "{06C56B01-29B9-4B41-95D3-8C904C241016}"
EndProject
Global
	GlobalSection(SolutionConfigurationPlatforms) = preSolution
		Debug|Any CPU = Debug|Any CPU
		Release|Any CPU = Release|Any CPU
	EndGlobalSection
	GlobalSection(ProjectConfigurationPlatforms) = postSolution
		{06C56B01-29B9-4B41-95D3-8C904C241016}.Debug|Any CPU.ActiveCfg = Debug|Any CPU
		{06C56B01-29B9-4B41-95D3-8C904C241016}.Debug|Any CPU.Build.0 = Debug|Any CPU
		{06C56B01-29B9-4B41-95D3-8C904C241016}.Release|Any CPU.ActiveCfg = Release|Any CPU
		{06C56B01-29B9-4B41-95D3-8C904C241016}.Release|Any CPU.Build.0 = Release|Any CPU
	EndGlobalSection
	GlobalSection(SolutionProperties) = preSolution
		HideSolutionNode = FALSE
	EndGlobalSection
	GlobalSection(ExtensibilityGlobals) = postSolution
		SolutionGuid = {994F6033-07C2-4F6B-9064-B7CF8128E681}
	EndGlobalSection
EndGlobal
